
Microsoft Visual Studio Solution File, Format Version 12.00
# Visual Studio Version 16
VisualStudioVersion = 16.0.30104.148
MinimumVisualStudioVersion = 10.0.40219.1
Project("{9A19103F-16F7-4668-BE54-9A1E7A4F7556}") = "WrenchIt", "WrenchIt\WrenchIt.csproj", "{6F1A2CD8-522C-4CEE-80B0-7DAE5971506C}"
EndProject
Project("{FAE04EC0-301F-11D3-BF4B-00C04F79EFBC}") = "WrentchItAPI", "WrentchItAPI\WrentchItAPI.csproj", "{8831C1FE-5B59-4697-9BB7-3485BA4F3CDD}"
EndProject
Project("{FAE04EC0-301F-11D3-BF4B-00C04F79EFBC}") = "WrentchIt.Data", "WrentchIt.Data\WrentchIt.Data.csproj", "{C00264C0-F537-42E0-BDB0-60863A509B34}"
EndProject
Project("{FAE04EC0-301F-11D3-BF4B-00C04F79EFBC}") = "WrentchIt.Model", "WrentchIt.Model\WrentchIt.Model.csproj", "{A79A6919-FCC7-4001-B963-5EDD61865253}"
EndProject
Project("{FAE04EC0-301F-11D3-BF4B-00C04F79EFBC}") = "WrentchIt.Service", "WrentchIt.Service\WrentchIt.Service.csproj", "{8E031262-BB7E-4200-A8E3-65D025188C1D}"
EndProject
Global
	GlobalSection(SolutionConfigurationPlatforms) = preSolution
		Debug|Any CPU = Debug|Any CPU
		Release|Any CPU = Release|Any CPU
	EndGlobalSection
	GlobalSection(ProjectConfigurationPlatforms) = postSolution
		{6F1A2CD8-522C-4CEE-80B0-7DAE5971506C}.Debug|Any CPU.ActiveCfg = Debug|Any CPU
		{6F1A2CD8-522C-4CEE-80B0-7DAE5971506C}.Debug|Any CPU.Build.0 = Debug|Any CPU
		{6F1A2CD8-522C-4CEE-80B0-7DAE5971506C}.Release|Any CPU.ActiveCfg = Release|Any CPU
		{6F1A2CD8-522C-4CEE-80B0-7DAE5971506C}.Release|Any CPU.Build.0 = Release|Any CPU
		{8831C1FE-5B59-4697-9BB7-3485BA4F3CDD}.Debug|Any CPU.ActiveCfg = Debug|Any CPU
		{8831C1FE-5B59-4697-9BB7-3485BA4F3CDD}.Debug|Any CPU.Build.0 = Debug|Any CPU
		{8831C1FE-5B59-4697-9BB7-3485BA4F3CDD}.Release|Any CPU.ActiveCfg = Release|Any CPU
		{8831C1FE-5B59-4697-9BB7-3485BA4F3CDD}.Release|Any CPU.Build.0 = Release|Any CPU
		{C00264C0-F537-42E0-BDB0-60863A509B34}.Debug|Any CPU.ActiveCfg = Debug|Any CPU
		{C00264C0-F537-42E0-BDB0-60863A509B34}.Debug|Any CPU.Build.0 = Debug|Any CPU
		{C00264C0-F537-42E0-BDB0-60863A509B34}.Release|Any CPU.ActiveCfg = Release|Any CPU
		{C00264C0-F537-42E0-BDB0-60863A509B34}.Release|Any CPU.Build.0 = Release|Any CPU
		{A79A6919-FCC7-4001-B963-5EDD61865253}.Debug|Any CPU.ActiveCfg = Debug|Any CPU
		{A79A6919-FCC7-4001-B963-5EDD61865253}.Debug|Any CPU.Build.0 = Debug|Any CPU
		{A79A6919-FCC7-4001-B963-5EDD61865253}.Release|Any CPU.ActiveCfg = Release|Any CPU
		{A79A6919-FCC7-4001-B963-5EDD61865253}.Release|Any CPU.Build.0 = Release|Any CPU
		{8E031262-BB7E-4200-A8E3-65D025188C1D}.Debug|Any CPU.ActiveCfg = Debug|Any CPU
		{8E031262-BB7E-4200-A8E3-65D025188C1D}.Debug|Any CPU.Build.0 = Debug|Any CPU
		{8E031262-BB7E-4200-A8E3-65D025188C1D}.Release|Any CPU.ActiveCfg = Release|Any CPU
		{8E031262-BB7E-4200-A8E3-65D025188C1D}.Release|Any CPU.Build.0 = Release|Any CPU
	EndGlobalSection
	GlobalSection(SolutionProperties) = preSolution
		HideSolutionNode = FALSE
	EndGlobalSection
	GlobalSection(ExtensibilityGlobals) = postSolution
		SolutionGuid = {D8C4E99E-1C98-414F-8908-E012A0E8D526}
	EndGlobalSection
EndGlobal
